
Microsoft Visual Studio Solution File, Format Version 12.00
# Visual Studio Version 17
VisualStudioVersion = 17.5.33627.172
MinimumVisualStudioVersion = 10.0.40219.1
Project("{FAE04EC0-301F-11D3-BF4B-00C04F79EFBC}") = "jagatproj1", "jagatproj1\jagatproj1.csproj", "{5B3DACEA-0B19-4F64-B128-649B6323817C}"
EndProject
Global
	GlobalSection(SolutionConfigurationPlatforms) = preSolution
		Debug|Any CPU = Debug|Any CPU
		Release|Any CPU = Release|Any CPU
	EndGlobalSection
	GlobalSection(ProjectConfigurationPlatforms) = postSolution
		{5B3DACEA-0B19-4F64-B128-649B6323817C}.Debug|Any CPU.ActiveCfg = Debug|Any CPU
		{5B3DACEA-0B19-4F64-B128-649B6323817C}.Debug|Any CPU.Build.0 = Debug|Any CPU
		{5B3DACEA-0B19-4F64-B128-649B6323817C}.Release|Any CPU.ActiveCfg = Release|Any CPU
		{5B3DACEA-0B19-4F64-B128-649B6323817C}.Release|Any CPU.Build.0 = Release|Any CPU
	EndGlobalSection
	GlobalSection(SolutionProperties) = preSolution
		HideSolutionNode = FALSE
	EndGlobalSection
	GlobalSection(ExtensibilityGlobals) = postSolution
		SolutionGuid = {CEBD5462-7BA4-448A-881C-CD9161BE5E85}
	EndGlobalSection
EndGlobal
